// !$*UTF8*$!
{
	archiveVersion = 1;
	classes = {
	};
	objectVersion = 46;
	objects = {

/* Begin PBXBuildFile section */
		5BB9F76D1ADB119A009E2145 /* main.m in Sources */ = {isa = PBXBuildFile; fileRef = 5BB9F76C1ADB119A009E2145 /* main.m */; };
		5BB9F7701ADB119A009E2145 /* AppDelegate.m in Sources */ = {isa = PBXBuildFile; fileRef = 5BB9F76F1ADB119A009E2145 /* AppDelegate.m */; };
		5BB9F7731ADB119A009E2145 /* ViewController.m in Sources */ = {isa = PBXBuildFile; fileRef = 5BB9F7721ADB119A009E2145 /* ViewController.m */; };
		5BB9F7761ADB119A009E2145 /* Main.storyboard in Resources */ = {isa = PBXBuildFile; fileRef = 5BB9F7741ADB119A009E2145 /* Main.storyboard */; };
		5BB9F7781ADB119A009E2145 /* Images.xcassets in Resources */ = {isa = PBXBuildFile; fileRef = 5BB9F7771ADB119A009E2145 /* Images.xcassets */; };
		5BB9F77B1ADB119A009E2145 /* LaunchScreen.xib in Resources */ = {isa = PBXBuildFile; fileRef = 5BB9F7791ADB119A009E2145 /* LaunchScreen.xib */; };
		5BB9F7871ADB119B009E2145 /* Overdue_TaskListTests.m in Sources */ = {isa = PBXBuildFile; fileRef = 5BB9F7861ADB119B009E2145 /* Overdue_TaskListTests.m */; };
		5BB9F7951ADB14AD009E2145 /* AddTaskViewController.m in Sources */ = {isa = PBXBuildFile; fileRef = 5BB9F7941ADB14AD009E2145 /* AddTaskViewController.m */; };
		5BB9F7981ADB14E7009E2145 /* DetailTaskViewController.m in Sources */ = {isa = PBXBuildFile; fileRef = 5BB9F7971ADB14E7009E2145 /* DetailTaskViewController.m */; };
		5BB9F79B1ADB1511009E2145 /* EditTaskViewController.m in Sources */ = {isa = PBXBuildFile; fileRef = 5BB9F79A1ADB1511009E2145 /* EditTaskViewController.m */; };
		5BB9F79F1ADB3C80009E2145 /* Task.m in Sources */ = {isa = PBXBuildFile; fileRef = 5BB9F79E1ADB3C80009E2145 /* Task.m */; };
/* End PBXBuildFile section */

/* Begin PBXContainerItemProxy section */
		5BB9F7811ADB119A009E2145 /* PBXContainerItemProxy */ = {
			isa = PBXContainerItemProxy;
			containerPortal = 5BB9F75F1ADB119A009E2145 /* Project object */;
			proxyType = 1;
			remoteGlobalIDString = 5BB9F7661ADB119A009E2145;
			remoteInfo = "Overdue TaskList";
		};
/* End PBXContainerItemProxy section */

/* Begin PBXFileReference section */
		5BB9F7671ADB119A009E2145 /* Overdue TaskList.app */ = {isa = PBXFileReference; explicitFileType = wrapper.application; includeInIndex = 0; path = "Overdue TaskList.app"; sourceTree = BUILT_PRODUCTS_DIR; };
		5BB9F76B1ADB119A009E2145 /* Info.plist */ = {isa = PBXFileReference; lastKnownFileType = text.plist.xml; path = Info.plist; sourceTree = "<group>"; };
		5BB9F76C1ADB119A009E2145 /* main.m */ = {isa = PBXFileReference; lastKnownFileType = sourcecode.c.objc; path = main.m; sourceTree = "<group>"; };
		5BB9F76E1ADB119A009E2145 /* AppDelegate.h */ = {isa = PBXFileReference; lastKnownFileType = sourcecode.c.h; path = AppDelegate.h; sourceTree = "<group>"; };
		5BB9F76F1ADB119A009E2145 /* AppDelegate.m */ = {isa = PBXFileReference; lastKnownFileType = sourcecode.c.objc; path = AppDelegate.m; sourceTree = "<group>"; };
		5BB9F7711ADB119A009E2145 /* ViewController.h */ = {isa = PBXFileReference; lastKnownFileType = sourcecode.c.h; path = ViewController.h; sourceTree = "<group>"; };
		5BB9F7721ADB119A009E2145 /* ViewController.m */ = {isa = PBXFileReference; lastKnownFileType = sourcecode.c.objc; path = ViewController.m; sourceTree = "<group>"; };
		5BB9F7751ADB119A009E2145 /* Base */ = {isa = PBXFileReference; lastKnownFileType = file.storyboard; name = Base; path = Base.lproj/Main.storyboard; sourceTree = "<group>"; };
		5BB9F7771ADB119A009E2145 /* Images.xcassets */ = {isa = PBXFileReference; lastKnownFileType = folder.assetcatalog; path = Images.xcassets; sourceTree = "<group>"; };
		5BB9F77A1ADB119A009E2145 /* Base */ = {isa = PBXFileReference; lastKnownFileType = file.xib; name = Base; path = Base.lproj/LaunchScreen.xib; sourceTree = "<group>"; };
		5BB9F7801ADB119A009E2145 /* Overdue TaskListTests.xctest */ = {isa = PBXFileReference; explicitFileType = wrapper.cfbundle; includeInIndex = 0; path = "Overdue TaskListTests.xctest"; sourceTree = BUILT_PRODUCTS_DIR; };
		5BB9F7851ADB119A009E2145 /* Info.plist */ = {isa = PBXFileReference; lastKnownFileType = text.plist.xml; path = Info.plist; sourceTree = "<group>"; };
		5BB9F7861ADB119B009E2145 /* Overdue_TaskListTests.m */ = {isa = PBXFileReference; lastKnownFileType = sourcecode.c.objc; path = Overdue_TaskListTests.m; sourceTree = "<group>"; };
		5BB9F7931ADB14AD009E2145 /* AddTaskViewController.h */ = {isa = PBXFileReference; fileEncoding = 4; lastKnownFileType = sourcecode.c.h; path = AddTaskViewController.h; sourceTree = "<group>"; };
		5BB9F7941ADB14AD009E2145 /* AddTaskViewController.m */ = {isa = PBXFileReference; fileEncoding = 4; lastKnownFileType = sourcecode.c.objc; path = AddTaskViewController.m; sourceTree = "<group>"; };
		5BB9F7961ADB14E7009E2145 /* DetailTaskViewController.h */ = {isa = PBXFileReference; fileEncoding = 4; lastKnownFileType = sourcecode.c.h; path = DetailTaskViewController.h; sourceTree = "<group>"; };
		5BB9F7971ADB14E7009E2145 /* DetailTaskViewController.m */ = {isa = PBXFileReference; fileEncoding = 4; lastKnownFileType = sourcecode.c.objc; path = DetailTaskViewController.m; sourceTree = "<group>"; };
		5BB9F7991ADB1511009E2145 /* EditTaskViewController.h */ = {isa = PBXFileReference; fileEncoding = 4; lastKnownFileType = sourcecode.c.h; path = EditTaskViewController.h; sourceTree = "<group>"; };
		5BB9F79A1ADB1511009E2145 /* EditTaskViewController.m */ = {isa = PBXFileReference; fileEncoding = 4; lastKnownFileType = sourcecode.c.objc; path = EditTaskViewController.m; sourceTree = "<group>"; };
		5BB9F79C1ADB36E9009E2145 /* OverdueTaskListPrefixHeader.pch */ = {isa = PBXFileReference; fileEncoding = 4; lastKnownFileType = sourcecode.c.h; path = OverdueTaskListPrefixHeader.pch; sourceTree = "<group>"; };
		5BB9F79D1ADB3C80009E2145 /* Task.h */ = {isa = PBXFileReference; fileEncoding = 4; lastKnownFileType = sourcecode.c.h; path = Task.h; sourceTree = "<group>"; };
		5BB9F79E1ADB3C80009E2145 /* Task.m */ = {isa = PBXFileReference; fileEncoding = 4; lastKnownFileType = sourcecode.c.objc; path = Task.m; sourceTree = "<group>"; };
/* End PBXFileReference section */

/* Begin PBXFrameworksBuildPhase section */
		5BB9F7641ADB119A009E2145 /* Frameworks */ = {
			isa = PBXFrameworksBuildPhase;
			buildActionMask = 2147483647;
			files = (
			);
			runOnlyForDeploymentPostprocessing = 0;
		};
		5BB9F77D1ADB119A009E2145 /* Frameworks */ = {
			isa = PBXFrameworksBuildPhase;
			buildActionMask = 2147483647;
			files = (
			);
			runOnlyForDeploymentPostprocessing = 0;
		};
/* End PBXFrameworksBuildPhase section */

/* Begin PBXGroup section */
		5BB9F75E1ADB119A009E2145 = {
			isa = PBXGroup;
			children = (
				5BB9F7691ADB119A009E2145 /* Overdue TaskList */,
				5BB9F7831ADB119A009E2145 /* Overdue TaskListTests */,
				5BB9F7681ADB119A009E2145 /* Products */,
			);
			sourceTree = "<group>";
		};
		5BB9F7681ADB119A009E2145 /* Products */ = {
			isa = PBXGroup;
			children = (
				5BB9F7671ADB119A009E2145 /* Overdue TaskList.app */,
				5BB9F7801ADB119A009E2145 /* Overdue TaskListTests.xctest */,
			);
			name = Products;
			sourceTree = "<group>";
		};
		5BB9F7691ADB119A009E2145 /* Overdue TaskList */ = {
			isa = PBXGroup;
			children = (
				5BB9F7921ADB1248009E2145 /* Controller */,
				5BB9F7911ADB1243009E2145 /* Views */,
				5BB9F7901ADB123D009E2145 /* Models */,
				5BB9F7741ADB119A009E2145 /* Main.storyboard */,
				5BB9F7771ADB119A009E2145 /* Images.xcassets */,
				5BB9F7791ADB119A009E2145 /* LaunchScreen.xib */,
				5BB9F76A1ADB119A009E2145 /* Supporting Files */,
			);
			path = "Overdue TaskList";
			sourceTree = "<group>";
		};
		5BB9F76A1ADB119A009E2145 /* Supporting Files */ = {
			isa = PBXGroup;
			children = (
				5BB9F76B1ADB119A009E2145 /* Info.plist */,
				5BB9F76C1ADB119A009E2145 /* main.m */,
				5BB9F79C1ADB36E9009E2145 /* OverdueTaskListPrefixHeader.pch */,
			);
			name = "Supporting Files";
			sourceTree = "<group>";
		};
		5BB9F7831ADB119A009E2145 /* Overdue TaskListTests */ = {
			isa = PBXGroup;
			children = (
				5BB9F7861ADB119B009E2145 /* Overdue_TaskListTests.m */,
				5BB9F7841ADB119A009E2145 /* Supporting Files */,
			);
			path = "Overdue TaskListTests";
			sourceTree = "<group>";
		};
		5BB9F7841ADB119A009E2145 /* Supporting Files */ = {
			isa = PBXGroup;
			children = (
				5BB9F7851ADB119A009E2145 /* Info.plist */,
			);
			name = "Supporting Files";
			sourceTree = "<group>";
		};
		5BB9F7901ADB123D009E2145 /* Models */ = {
			isa = PBXGroup;
			children = (
				5BB9F79D1ADB3C80009E2145 /* Task.h */,
				5BB9F79E1ADB3C80009E2145 /* Task.m */,
			);
			name = Models;
			sourceTree = "<group>";
		};
		5BB9F7911ADB1243009E2145 /* Views */ = {
			isa = PBXGroup;
			children = (
			);
			name = Views;
			sourceTree = "<group>";
		};
		5BB9F7921ADB1248009E2145 /* Controller */ = {
			isa = PBXGroup;
			children = (
				5BB9F76E1ADB119A009E2145 /* AppDelegate.h */,
				5BB9F76F1ADB119A009E2145 /* AppDelegate.m */,
				5BB9F7711ADB119A009E2145 /* ViewController.h */,
				5BB9F7721ADB119A009E2145 /* ViewController.m */,
				5BB9F7931ADB14AD009E2145 /* AddTaskViewController.h */,
				5BB9F7941ADB14AD009E2145 /* AddTaskViewController.m */,
				5BB9F7961ADB14E7009E2145 /* DetailTaskViewController.h */,
				5BB9F7971ADB14E7009E2145 /* DetailTaskViewController.m */,
				5BB9F7991ADB1511009E2145 /* EditTaskViewController.h */,
				5BB9F79A1ADB1511009E2145 /* EditTaskViewController.m */,
			);
			name = Controller;
			sourceTree = "<group>";
		};
/* End PBXGroup section */

/* Begin PBXNativeTarget section */
		5BB9F7661ADB119A009E2145 /* Overdue TaskList */ = {
			isa = PBXNativeTarget;
			buildConfigurationList = 5BB9F78A1ADB119B009E2145 /* Build configuration list for PBXNativeTarget "Overdue TaskList" */;
			buildPhases = (
				5BB9F7631ADB119A009E2145 /* Sources */,
				5BB9F7641ADB119A009E2145 /* Frameworks */,
				5BB9F7651ADB119A009E2145 /* Resources */,
			);
			buildRules = (
			);
			dependencies = (
			);
			name = "Overdue TaskList";
			productName = "Overdue TaskList";
			productReference = 5BB9F7671ADB119A009E2145 /* Overdue TaskList.app */;
			productType = "com.apple.product-type.application";
		};
		5BB9F77F1ADB119A009E2145 /* Overdue TaskListTests */ = {
			isa = PBXNativeTarget;
			buildConfigurationList = 5BB9F78D1ADB119B009E2145 /* Build configuration list for PBXNativeTarget "Overdue TaskListTests" */;
			buildPhases = (
				5BB9F77C1ADB119A009E2145 /* Sources */,
				5BB9F77D1ADB119A009E2145 /* Frameworks */,
				5BB9F77E1ADB119A009E2145 /* Resources */,
			);
			buildRules = (
			);
			dependencies = (
				5BB9F7821ADB119A009E2145 /* PBXTargetDependency */,
			);
			name = "Overdue TaskListTests";
			productName = "Overdue TaskListTests";
			productReference = 5BB9F7801ADB119A009E2145 /* Overdue TaskListTests.xctest */;
			productType = "com.apple.product-type.bundle.unit-test";
		};
/* End PBXNativeTarget section */

/* Begin PBXProject section */
		5BB9F75F1ADB119A009E2145 /* Project object */ = {
			isa = PBXProject;
			attributes = {
				LastUpgradeCheck = 0620;
				ORGANIZATIONNAME = "Victor  Adu";
				TargetAttributes = {
					5BB9F7661ADB119A009E2145 = {
						CreatedOnToolsVersion = 6.2;
					};
					5BB9F77F1ADB119A009E2145 = {
						CreatedOnToolsVersion = 6.2;
						TestTargetID = 5BB9F7661ADB119A009E2145;
					};
				};
			};
			buildConfigurationList = 5BB9F7621ADB119A009E2145 /* Build configuration list for PBXProject "Overdue TaskList" */;
			compatibilityVersion = "Xcode 3.2";
			developmentRegion = English;
			hasScannedForEncodings = 0;
			knownRegions = (
				en,
				Base,
			);
			mainGroup = 5BB9F75E1ADB119A009E2145;
			productRefGroup = 5BB9F7681ADB119A009E2145 /* Products */;
			projectDirPath = "";
			projectRoot = "";
			targets = (
				5BB9F7661ADB119A009E2145 /* Overdue TaskList */,
				5BB9F77F1ADB119A009E2145 /* Overdue TaskListTests */,
			);
		};
/* End PBXProject section */

/* Begin PBXResourcesBuildPhase section */
		5BB9F7651ADB119A009E2145 /* Resources */ = {
			isa = PBXResourcesBuildPhase;
			buildActionMask = 2147483647;
			files = (
				5BB9F7761ADB119A009E2145 /* Main.storyboard in Resources */,
				5BB9F77B1ADB119A009E2145 /* LaunchScreen.xib in Resources */,
				5BB9F7781ADB119A009E2145 /* Images.xcassets in Resources */,
			);
			runOnlyForDeploymentPostprocessing = 0;
		};
		5BB9F77E1ADB119A009E2145 /* Resources */ = {
			isa = PBXResourcesBuildPhase;
			buildActionMask = 2147483647;
			files = (
			);
			runOnlyForDeploymentPostprocessing = 0;
		};
/* End PBXResourcesBuildPhase section */

/* Begin PBXSourcesBuildPhase section */
		5BB9F7631ADB119A009E2145 /* Sources */ = {
			isa = PBXSourcesBuildPhase;
			buildActionMask = 2147483647;
			files = (
				5BB9F79F1ADB3C80009E2145 /* Task.m in Sources */,
				5BB9F7731ADB119A009E2145 /* ViewController.m in Sources */,
				5BB9F7951ADB14AD009E2145 /* AddTaskViewController.m in Sources */,
				5BB9F7701ADB119A009E2145 /* AppDelegate.m in Sources */,
				5BB9F79B1ADB1511009E2145 /* EditTaskViewController.m in Sources */,
				5BB9F76D1ADB119A009E2145 /* main.m in Sources */,
				5BB9F7981ADB14E7009E2145 /* DetailTaskViewController.m in Sources */,
			);
			runOnlyForDeploymentPostprocessing = 0;
		};
		5BB9F77C1ADB119A009E2145 /* Sources */ = {
			isa = PBXSourcesBuildPhase;
			buildActionMask = 2147483647;
			files = (
				5BB9F7871ADB119B009E2145 /* Overdue_TaskListTests.m in Sources */,
			);
			runOnlyForDeploymentPostprocessing = 0;
		};
/* End PBXSourcesBuildPhase section */

/* Begin PBXTargetDependency section */
		5BB9F7821ADB119A009E2145 /* PBXTargetDependency */ = {
			isa = PBXTargetDependency;
			target = 5BB9F7661ADB119A009E2145 /* Overdue TaskList */;
			targetProxy = 5BB9F7811ADB119A009E2145 /* PBXContainerItemProxy */;
		};
/* End PBXTargetDependency section */

/* Begin PBXVariantGroup section */
		5BB9F7741ADB119A009E2145 /* Main.storyboard */ = {
			isa = PBXVariantGroup;
			children = (
				5BB9F7751ADB119A009E2145 /* Base */,
			);
			name = Main.storyboard;
			sourceTree = "<group>";
		};
		5BB9F7791ADB119A009E2145 /* LaunchScreen.xib */ = {
			isa = PBXVariantGroup;
			children = (
				5BB9F77A1ADB119A009E2145 /* Base */,
			);
			name = LaunchScreen.xib;
			sourceTree = "<group>";
		};
/* End PBXVariantGroup section */

/* Begin XCBuildConfiguration section */
		5BB9F7881ADB119B009E2145 /* Debug */ = {
			isa = XCBuildConfiguration;
			buildSettings = {
				ALWAYS_SEARCH_USER_PATHS = NO;
				CLANG_CXX_LANGUAGE_STANDARD = "gnu++0x";
				CLANG_CXX_LIBRARY = "libc++";
				CLANG_ENABLE_MODULES = YES;
				CLANG_ENABLE_OBJC_ARC = YES;
				CLANG_WARN_BOOL_CONVERSION = YES;
				CLANG_WARN_CONSTANT_CONVERSION = YES;
				CLANG_WARN_DIRECT_OBJC_ISA_USAGE = YES_ERROR;
				CLANG_WARN_EMPTY_BODY = YES;
				CLANG_WARN_ENUM_CONVERSION = YES;
				CLANG_WARN_INT_CONVERSION = YES;
				CLANG_WARN_OBJC_ROOT_CLASS = YES_ERROR;
				CLANG_WARN_UNREACHABLE_CODE = YES;
				CLANG_WARN__DUPLICATE_METHOD_MATCH = YES;
				"CODE_SIGN_IDENTITY[sdk=iphoneos*]" = "iPhone Developer";
				COPY_PHASE_STRIP = NO;
				ENABLE_STRICT_OBJC_MSGSEND = YES;
				GCC_C_LANGUAGE_STANDARD = gnu99;
				GCC_DYNAMIC_NO_PIC = NO;
				GCC_OPTIMIZATION_LEVEL = 0;
				GCC_PREPROCESSOR_DEFINITIONS = (
					"DEBUG=1",
					"$(inherited)",
				);
				GCC_SYMBOLS_PRIVATE_EXTERN = NO;
				GCC_WARN_64_TO_32_BIT_CONVERSION = YES;
				GCC_WARN_ABOUT_RETURN_TYPE = YES_ERROR;
				GCC_WARN_UNDECLARED_SELECTOR = YES;
				GCC_WARN_UNINITIALIZED_AUTOS = YES_AGGRESSIVE;
				GCC_WARN_UNUSED_FUNCTION = YES;
				GCC_WARN_UNUSED_VARIABLE = YES;
				IPHONEOS_DEPLOYMENT_TARGET = 8.2;
				MTL_ENABLE_DEBUG_INFO = YES;
				ONLY_ACTIVE_ARCH = YES;
				SDKROOT = iphoneos;
			};
			name = Debug;
		};
		5BB9F7891ADB119B009E2145 /* Release */ = {
			isa = XCBuildConfiguration;
			buildSettings = {
				ALWAYS_SEARCH_USER_PATHS = NO;
				CLANG_CXX_LANGUAGE_STANDARD = "gnu++0x";
				CLANG_CXX_LIBRARY = "libc++";
				CLANG_ENABLE_MODULES = YES;
				CLANG_ENABLE_OBJC_ARC = YES;
				CLANG_WARN_BOOL_CONVERSION = YES;
				CLANG_WARN_CONSTANT_CONVERSION = YES;
				CLANG_WARN_DIRECT_OBJC_ISA_USAGE = YES_ERROR;
				CLANG_WARN_EMPTY_BODY = YES;
				CLANG_WARN_ENUM_CONVERSION = YES;
				CLANG_WARN_INT_CONVERSION = YES;
				CLANG_WARN_OBJC_ROOT_CLASS = YES_ERROR;
				CLANG_WARN_UNREACHABLE_CODE = YES;
				CLANG_WARN__DUPLICATE_METHOD_MATCH = YES;
				"CODE_SIGN_IDENTITY[sdk=iphoneos*]" = "iPhone Developer";
				COPY_PHASE_STRIP = NO;
				ENABLE_NS_ASSERTIONS = NO;
				ENABLE_STRICT_OBJC_MSGSEND = YES;
				GCC_C_LANGUAGE_STANDARD = gnu99;
				GCC_WARN_64_TO_32_BIT_CONVERSION = YES;
				GCC_WARN_ABOUT_RETURN_TYPE = YES_ERROR;
				GCC_WARN_UNDECLARED_SELECTOR = YES;
				GCC_WARN_UNINITIALIZED_AUTOS = YES_AGGRESSIVE;
				GCC_WARN_UNUSED_FUNCTION = YES;
				GCC_WARN_UNUSED_VARIABLE = YES;
				IPHONEOS_DEPLOYMENT_TARGET = 8.2;
				MTL_ENABLE_DEBUG_INFO = NO;
				SDKROOT = iphoneos;
				VALIDATE_PRODUCT = YES;
			};
			name = Release;
		};
		5BB9F78B1ADB119B009E2145 /* Debug */ = {
			isa = XCBuildConfiguration;
			buildSettings = {
				ASSETCATALOG_COMPILER_APPICON_NAME = AppIcon;
				GCC_PRECOMPILE_PREFIX_HEADER = YES;
				GCC_PREFIX_HEADER = "$(SRCROOT)/Overdue TaskList/OverdueTaskListPrefixHeader.pch";
				INFOPLIST_FILE = "Overdue TaskList/Info.plist";
				LD_RUNPATH_SEARCH_PATHS = "$(inherited) @executable_path/Frameworks";
				PRODUCT_NAME = "$(TARGET_NAME)";
			};
			name = Debug;
		};
		5BB9F78C1ADB119B009E2145 /* Release */ = {
			isa = XCBuildConfiguration;
			buildSettings = {
				ASSETCATALOG_COMPILER_APPICON_NAME = AppIcon;
				GCC_PRECOMPILE_PREFIX_HEADER = YES;
				GCC_PREFIX_HEADER = "$(SRCROOT)/Overdue TaskList/OverdueTaskListPrefixHeader.pch";
				INFOPLIST_FILE = "Overdue TaskList/Info.plist";
				LD_RUNPATH_SEARCH_PATHS = "$(inherited) @executable_path/Frameworks";
				PRODUCT_NAME = "$(TARGET_NAME)";
			};
			name = Release;
		};
		5BB9F78E1ADB119B009E2145 /* Debug */ = {
			isa = XCBuildConfiguration;
			buildSettings = {
				BUNDLE_LOADER = "$(TEST_HOST)";
				FRAMEWORK_SEARCH_PATHS = (
					"$(SDKROOT)/Developer/Library/Frameworks",
					"$(inherited)",
				);
				GCC_PREPROCESSOR_DEFINITIONS = (
					"DEBUG=1",
					"$(inherited)",
				);
				INFOPLIST_FILE = "Overdue TaskListTests/Info.plist";
				LD_RUNPATH_SEARCH_PATHS = "$(inherited) @executable_path/Frameworks @loader_path/Frameworks";
				PRODUCT_NAME = "$(TARGET_NAME)";
				TEST_HOST = "$(BUILT_PRODUCTS_DIR)/Overdue TaskList.app/Overdue TaskList";
			};
			name = Debug;
		};
		5BB9F78F1ADB119B009E2145 /* Release */ = {
			isa = XCBuildConfiguration;
			buildSettings = {
				BUNDLE_LOADER = "$(TEST_HOST)";
				FRAMEWORK_SEARCH_PATHS = (
					"$(SDKROOT)/Developer/Library/Frameworks",
					"$(inherited)",
				);
				INFOPLIST_FILE = "Overdue TaskListTests/Info.plist";
				LD_RUNPATH_SEARCH_PATHS = "$(inherited) @executable_path/Frameworks @loader_path/Frameworks";
				PRODUCT_NAME = "$(TARGET_NAME)";
				TEST_HOST = "$(BUILT_PRODUCTS_DIR)/Overdue TaskList.app/Overdue TaskList";
			};
			name = Release;
		};
/* End XCBuildConfiguration section */

/* Begin XCConfigurationList section */
		5BB9F7621ADB119A009E2145 /* Build configuration list for PBXProject "Overdue TaskList" */ = {
			isa = XCConfigurationList;
			buildConfigurations = (
				5BB9F7881ADB119B009E2145 /* Debug */,
				5BB9F7891ADB119B009E2145 /* Release */,
			);
			defaultConfigurationIsVisible = 0;
			defaultConfigurationName = Release;
		};
		5BB9F78A1ADB119B009E2145 /* Build configuration list for PBXNativeTarget "Overdue TaskList" */ = {
			isa = XCConfigurationList;
			buildConfigurations = (
				5BB9F78B1ADB119B009E2145 /* Debug */,
				5BB9F78C1ADB119B009E2145 /* Release */,
			);
			defaultConfigurationIsVisible = 0;
		};
		5BB9F78D1ADB119B009E2145 /* Build configuration list for PBXNativeTarget "Overdue TaskListTests" */ = {
			isa = XCConfigurationList;
			buildConfigurations = (
				5BB9F78E1ADB119B009E2145 /* Debug */,
				5BB9F78F1ADB119B009E2145 /* Release */,
			);
			defaultConfigurationIsVisible = 0;
		};
/* End XCConfigurationList section */
	};
	rootObject = 5BB9F75F1ADB119A009E2145 /* Project object */;
}
